{
  "name": "web",
  "version": "0.1.0",
  "lockfileVersion": 1,
  "requires": true,
  "dependencies": {
    "@types/async": {
      "version": "2.0.50",
      "resolved": "https://registry.npmjs.org/@types/async/-/async-2.0.50.tgz",
      "integrity": "sha512-VMhZMMQgV1zsR+lX/0IBfAk+8Eb7dPVMWiQGFAt3qjo5x7Ml6b77jUo0e1C3ToD+XRDXqtrfw+6AB0uUsPEr3Q==",
      "optional": true
    },
    "@types/graphql": {
      "version": "0.10.2",
      "resolved": "https://registry.npmjs.org/@types/graphql/-/graphql-0.10.2.tgz",
      "integrity": "sha512-Ayw0w+kr8vYd8DToiMXjcHxXv1ljWbqX2mnLwXDxkBgog3vywGriC0JZ+npsuohKs3+E88M8OOtobo4g0X3SIA==",
      "optional": true
    },
    "@types/zen-observable": {
      "version": "0.8.0",
      "resolved": "https://registry.npmjs.org/@types/zen-observable/-/zen-observable-0.8.0.tgz",
      "integrity": "sha512-te5lMAWii1uEJ4FwLjzdlbw3+n0FZNOvFXHxQDKeT0dilh7HOzdMzV2TrJVUzq8ep7J4Na8OUYPRLSQkJHAlrg=="
    },
    "apollo-boost": {
      "version": "0.1.22",
      "resolved": "https://registry.npmjs.org/apollo-boost/-/apollo-boost-0.1.22.tgz",
      "integrity": "sha512-JOU2MIhJISOfL/2hWkuBqH7sqNs28ZS8wRVjmcMEJ+DjmF5otVsDBtx+IMp9PEReoznrbSfjo3p4ix4AgtbooA==",
      "requires": {
        "apollo-cache": "1.1.21",
        "apollo-cache-inmemory": "1.3.11",
        "apollo-client": "2.4.7",
        "apollo-link": "1.2.4",
        "apollo-link-error": "1.1.2",
        "apollo-link-http": "1.5.7",
        "apollo-link-state": "0.4.2",
        "graphql-tag": "2.10.0"
      },
      "dependencies": {
        "apollo-client": {
          "version": "2.4.7",
          "resolved": "https://registry.npmjs.org/apollo-client/-/apollo-client-2.4.7.tgz",
          "integrity": "sha512-6aAm+16AFBYZhJF8eKxrup6AbYni01InDiwTfZhMMTP2xaXQWjsQnfaHbI2oE+hd3+AZFy1drkse8RZKghR/WQ==",
          "requires": {
            "@types/async": "2.0.50",
            "@types/zen-observable": "0.8.0",
            "apollo-cache": "1.1.21",
            "apollo-link": "1.2.4",
            "apollo-link-dedup": "1.0.11",
            "apollo-utilities": "1.0.26",
            "symbol-observable": "1.2.0",
            "zen-observable": "0.8.11"
          }
        }
      }
    },
    "apollo-cache": {
      "version": "1.1.21",
      "resolved": "https://registry.npmjs.org/apollo-cache/-/apollo-cache-1.1.21.tgz",
      "integrity": "sha512-5ErNb78KHtrJNimkDBTEigcvHkIqUmS7QJIk4lpZZ+XLVVgvk2fD+GhD1PLP+s8vHfAKVbO6vdbRxCCjGGrh5w==",
      "requires": {
        "apollo-utilities": "1.0.26"
      }
    },
    "apollo-cache-inmemory": {
      "version": "1.3.11",
      "resolved": "https://registry.npmjs.org/apollo-cache-inmemory/-/apollo-cache-inmemory-1.3.11.tgz",
      "integrity": "sha512-fSoyjBV5RV57J3i/VHDDB74ZgXc0PFiogheNFHEhC0mL6rg5e/DjTx0Vg+csIBk23gvlzTvV+eypx7Q2NJ+dYg==",
      "requires": {
        "apollo-cache": "1.1.21",
        "apollo-utilities": "1.0.26",
        "optimism": "0.6.8"
      }
    },
    "apollo-link": {
      "version": "1.2.4",
      "resolved": "https://registry.npmjs.org/apollo-link/-/apollo-link-1.2.4.tgz",
      "integrity": "sha512-B1z+9H2nTyWEhMXRFSnoZ1vSuAYP+V/EdUJvRx9uZ8yuIBZMm6reyVtr1n0BWlKeSFyPieKJy2RLzmITAAQAMQ==",
      "requires": {
        "apollo-utilities": "1.0.26",
        "zen-observable-ts": "0.8.11"
      }
    },
    "apollo-link-core": {
      "version": "0.5.4",
      "resolved": "https://registry.npmjs.org/apollo-link-core/-/apollo-link-core-0.5.4.tgz",
      "integrity": "sha512-OxL0Kjizb0eS2ObldDqJEs/tFN9xI9RZuTJcaszgGy+xudoPXhIMCHMr7hGZhy0mK+U+BbBULZJw4YQU4J0ODQ==",
      "requires": {
        "graphql": "0.10.5",
        "graphql-tag": "2.10.0",
        "zen-observable-ts": "0.4.4"
      },
      "dependencies": {
        "graphql": {
          "version": "0.10.5",
          "resolved": "https://registry.npmjs.org/graphql/-/graphql-0.10.5.tgz",
          "integrity": "sha512-Q7cx22DiLhwHsEfUnUip1Ww/Vfx7FS0w6+iHItNuN61+XpegHSa3k5U0+6M5BcpavQImBwFiy0z3uYwY7cXMLQ==",
          "requires": {
            "iterall": "1.2.2"
          }
        },
        "zen-observable-ts": {
          "version": "0.4.4",
          "resolved": "https://registry.npmjs.org/zen-observable-ts/-/zen-observable-ts-0.4.4.tgz",
          "integrity": "sha512-SNVY1sWWhoe7FwFmHpD9ERi+7Mhhj3+JdS0BGy2UxLIg7cY+3zQbyZauQCI6DN6YK4uoKNaIm3S7Qkqi1Lr+Fw=="
        }
      }
    },
    "apollo-link-dedup": {
      "version": "1.0.11",
      "resolved": "https://registry.npmjs.org/apollo-link-dedup/-/apollo-link-dedup-1.0.11.tgz",
      "integrity": "sha512-RcvkXR0CNbQcsw6LdrPksGa+9YjZ1ghk0k2PKal6rSBCyyqzokcBawXOtoMN8q+0FLR1dGs5GnAQVeucQuY28g==",
      "requires": {
        "apollo-link": "1.2.4"
      }
    },
    "apollo-link-error": {
      "version": "1.1.2",
      "resolved": "https://registry.npmjs.org/apollo-link-error/-/apollo-link-error-1.1.2.tgz",
      "integrity": "sha512-zlEZiqQ42E49+BeX3mIKPkMTSlOPrYNEwzSi1MubUiP/Bi6QRP7tzdJXNBnUpkW6MjZJQpfSNZNxK/xwvPiJIw==",
      "requires": {
        "apollo-link": "1.2.4"
      }
    },
    "apollo-link-http": {
      "version": "1.5.7",
      "resolved": "https://registry.npmjs.org/apollo-link-http/-/apollo-link-http-1.5.7.tgz",
      "integrity": "sha512-EZ9nynHjwYCpGYP5IsRrZGTWidUVpshk7MuSG4joqGtJMwpFCgMQz+y3BHdUhowHtfAd9z60XmeOTG9FJolb8A==",
      "requires": {
        "apollo-link": "1.2.4",
        "apollo-link-http-common": "0.2.6"
      }
    },
    "apollo-link-http-common": {
      "version": "0.2.6",
      "resolved": "https://registry.npmjs.org/apollo-link-http-common/-/apollo-link-http-common-0.2.6.tgz",
      "integrity": "sha512-LUOMWvrZuBP1hyWLBXyaW0KyFeKo79j+k3N+Q4HSkXKbLibnllXQ+JxxoSKGhm0bhREygiLtJAG9JnGlhxGO/Q==",
      "requires": {
        "apollo-link": "1.2.4"
      }
    },
    "apollo-link-state": {
      "version": "0.4.2",
      "resolved": "https://registry.npmjs.org/apollo-link-state/-/apollo-link-state-0.4.2.tgz",
      "integrity": "sha512-xMPcAfuiPVYXaLwC6oJFIZrKgV3GmdO31Ag2eufRoXpvT0AfJZjdaPB4450Nu9TslHRePN9A3quxNueILlQxlw==",
      "requires": {
        "apollo-utilities": "1.0.26",
        "graphql-anywhere": "4.1.23"
      }
    },
    "apollo-utilities": {
      "version": "1.0.26",
      "resolved": "https://registry.npmjs.org/apollo-utilities/-/apollo-utilities-1.0.26.tgz",
      "integrity": "sha512-URw7o3phymliqYCYatcird2YRPUU2eWCNvip64U9gQrX56mEfK4m99yBIDCMTpmcvOFsKLii1sIEZsHIs/bvnw==",
      "requires": {
        "fast-json-stable-stringify": "2.0.0"
      }
    },
    "axios": {
      "version": "0.18.0",
      "resolved": "http://registry.npmjs.org/axios/-/axios-0.18.0.tgz",
      "integrity": "sha1-MtU+SFHv3AoRmTts0AB4nXDAUQI=",
      "requires": {
        "follow-redirects": "1.5.10",
        "is-buffer": "1.1.6"
      }
    },
    "classnames": {
      "version": "2.2.6",
      "resolved": "https://registry.npmjs.org/classnames/-/classnames-2.2.6.tgz",
      "integrity": "sha512-JR/iSQOSt+LQIWwrwEzJ9uk0xfN3mTVYMwt1Ir5mUcSN6pU+V4zQFFaJsclJbPuAUQH+yfWef6tm7l1quW3C8Q=="
    },
    "debug": {
      "version": "3.1.0",
      "resolved": "https://registry.npmjs.org/debug/-/debug-3.1.0.tgz",
      "integrity": "sha512-OX8XqP7/1a9cqkxYw2yXss15f26NKWBpDXQd0/uK/KPqdQhxbPa994hnzjcE2VqQpDslf55723cKPUOGSmMY3g==",
      "requires": {
        "ms": "2.0.0"
      }
    },
    "define-properties": {
      "version": "1.1.3",
      "resolved": "https://registry.npmjs.org/define-properties/-/define-properties-1.1.3.tgz",
      "integrity": "sha512-3MqfYKj2lLzdMSf8ZIZE/V+Zuy+BgD6f164e8K2w7dgnpKArBDerGYpM46IYYcjnkdPNMjPk9A6VFB8+3SKlXQ==",
      "requires": {
        "object-keys": "1.0.12"
      }
    },
    "enzyme-adapter-react-16": {
      "version": "1.7.0",
      "resolved": "https://registry.npmjs.org/enzyme-adapter-react-16/-/enzyme-adapter-react-16-1.7.0.tgz",
      "integrity": "sha512-rDr0xlnnFPffAPYrvG97QYJaRl9unVDslKee33wTStsBEwZTkESX1H7VHGT5eUc6ifNzPgOJGvSh2zpHT4gXjA==",
      "requires": {
        "enzyme-adapter-utils": "1.9.0",
        "function.prototype.name": "1.1.0",
        "object.assign": "4.1.0",
        "object.values": "1.0.4",
        "prop-types": "15.6.2",
        "react-is": "16.6.3",
        "react-test-renderer": "16.6.3"
      }
    },
    "enzyme-adapter-utils": {
      "version": "1.9.0",
      "resolved": "https://registry.npmjs.org/enzyme-adapter-utils/-/enzyme-adapter-utils-1.9.0.tgz",
      "integrity": "sha512-uMe4xw4l/Iloh2Fz+EO23XUYMEQXj5k/5ioLUXCNOUCI8Dml5XQMO9+QwUq962hBsY5qftfHHns+d990byWHvg==",
      "requires": {
        "function.prototype.name": "1.1.0",
        "object.assign": "4.1.0",
        "prop-types": "15.6.2",
        "semver": "5.6.0"
      }
    },
    "es-abstract": {
      "version": "1.12.0",
      "resolved": "https://registry.npmjs.org/es-abstract/-/es-abstract-1.12.0.tgz",
      "integrity": "sha512-C8Fx/0jFmV5IPoMOFPA9P9G5NtqW+4cOPit3MIuvR2t7Ag2K15EJTpxnHAYTzL+aYQJIESYeXZmDBfOBE1HcpA==",
      "requires": {
        "es-to-primitive": "1.2.0",
        "function-bind": "1.1.1",
        "has": "1.0.3",
        "is-callable": "1.1.4",
        "is-regex": "1.0.4"
      }
    },
    "es-to-primitive": {
      "version": "1.2.0",
      "resolved": "https://registry.npmjs.org/es-to-primitive/-/es-to-primitive-1.2.0.tgz",
      "integrity": "sha512-qZryBOJjV//LaxLTV6UC//WewneB3LcXOL9NP++ozKVXsIIIpm/2c13UDiD9Jp2eThsecw9m3jPqDwTyobcdbg==",
      "requires": {
        "is-callable": "1.1.4",
        "is-date-object": "1.0.1",
        "is-symbol": "1.0.2"
      }
    },
    "fast-json-stable-stringify": {
      "version": "2.0.0",
      "resolved": "https://registry.npmjs.org/fast-json-stable-stringify/-/fast-json-stable-stringify-2.0.0.tgz",
      "integrity": "sha1-1RQsDK7msRifh9OnYREGT4bIu/I="
    },
    "follow-redirects": {
      "version": "1.5.10",
      "resolved": "https://registry.npmjs.org/follow-redirects/-/follow-redirects-1.5.10.tgz",
      "integrity": "sha512-0V5l4Cizzvqt5D44aTXbFZz+FtyXV1vrDN6qrelxtfYQKW0KO0W2T/hkE8xvGa/540LkZlkaUjO4ailYTFtHVQ==",
      "requires": {
        "debug": "3.1.0"
      }
    },
    "function-bind": {
      "version": "1.1.1",
      "resolved": "https://registry.npmjs.org/function-bind/-/function-bind-1.1.1.tgz",
      "integrity": "sha512-yIovAzMX49sF8Yl58fSCWJ5svSLuaibPxXQJFLmBObTuCr0Mf1KiPopGM9NiFjiYBCbfaa2Fh6breQ6ANVTI0A=="
    },
    "function.prototype.name": {
      "version": "1.1.0",
      "resolved": "https://registry.npmjs.org/function.prototype.name/-/function.prototype.name-1.1.0.tgz",
      "integrity": "sha512-Bs0VRrTz4ghD8pTmbJQD1mZ8A/mN0ur/jGz+A6FBxPDUPkm1tNfF6bhTYPA7i7aF4lZJVr+OXTNNrnnIl58Wfg==",
      "requires": {
        "define-properties": "1.1.3",
        "function-bind": "1.1.1",
        "is-callable": "1.1.4"
      }
    },
    "graphql": {
      "version": "14.0.2",
      "resolved": "https://registry.npmjs.org/graphql/-/graphql-14.0.2.tgz",
      "integrity": "sha512-gUC4YYsaiSJT1h40krG3J+USGlwhzNTXSb4IOZljn9ag5Tj+RkoXrWp+Kh7WyE3t1NCfab5kzCuxBIvOMERMXw==",
      "requires": {
        "iterall": "1.2.2"
      }
    },
    "graphql-anywhere": {
      "version": "4.1.23",
      "resolved": "https://registry.npmjs.org/graphql-anywhere/-/graphql-anywhere-4.1.23.tgz",
      "integrity": "sha512-8wtmwxWmLzAy52Z4WAw9UiYZ4ViiNXM+2DMOSlg2F7WsVstD0v75uOjCLJQUvbld5kHrgzTxter/THFVkGL+Yw==",
      "requires": {
        "apollo-utilities": "1.0.26"
      }
    },
    "graphql-tag": {
      "version": "2.10.0",
      "resolved": "https://registry.npmjs.org/graphql-tag/-/graphql-tag-2.10.0.tgz",
      "integrity": "sha512-9FD6cw976TLLf9WYIUPCaaTpniawIjHWZSwIRZSjrfufJamcXbVVYfN2TWvJYbw0Xf2JjYbl1/f2+wDnBVw3/w=="
    },
    "has": {
      "version": "1.0.3",
      "resolved": "https://registry.npmjs.org/has/-/has-1.0.3.tgz",
      "integrity": "sha512-f2dvO0VU6Oej7RkWJGrehjbzMAjFp5/VKPp5tTpWIV4JHHZK1/BxbFRtf/siA2SWTe09caDmVtYYzWEIbBS4zw==",
      "requires": {
        "function-bind": "1.1.1"
      }
    },
    "has-symbols": {
      "version": "1.0.0",
      "resolved": "https://registry.npmjs.org/has-symbols/-/has-symbols-1.0.0.tgz",
      "integrity": "sha1-uhqPGvKg/DllD1yFA2dwQSIGO0Q="
    },
    "history": {
      "version": "4.7.2",
      "resolved": "https://registry.npmjs.org/history/-/history-4.7.2.tgz",
      "integrity": "sha512-1zkBRWW6XweO0NBcjiphtVJVsIQ+SXF29z9DVkceeaSLVMFXHool+fdCZD4spDCfZJCILPILc3bm7Bc+HRi0nA==",
      "requires": {
        "invariant": "2.2.4",
        "loose-envify": "1.4.0",
        "resolve-pathname": "2.2.0",
        "value-equal": "0.4.0",
        "warning": "3.0.0"
      }
    },
    "hoist-non-react-statics": {
      "version": "2.5.5",
      "resolved": "https://registry.npmjs.org/hoist-non-react-statics/-/hoist-non-react-statics-2.5.5.tgz",
      "integrity": "sha512-rqcy4pJo55FTTLWt+bU8ukscqHeE/e9KWvsOW2b/a3afxQZhwkQdT1rPPCJ0rYXdj4vNcasY8zHTH+jF/qStxw=="
    },
    "immutable-tuple": {
      "version": "0.4.9",
      "resolved": "https://registry.npmjs.org/immutable-tuple/-/immutable-tuple-0.4.9.tgz",
      "integrity": "sha512-LWbJPZnidF8eczu7XmcnLBsumuyRBkpwIRPCZxlojouhBo5jEBO4toj6n7hMy6IxHU/c+MqDSWkvaTpPlMQcyA=="
    },
    "invariant": {
      "version": "2.2.4",
      "resolved": "https://registry.npmjs.org/invariant/-/invariant-2.2.4.tgz",
      "integrity": "sha512-phJfQVBuaJM5raOpJjSfkiD6BpbCE4Ns//LaXl6wGYtUBY83nWS6Rf9tXm2e8VaK60JEjYldbPif/A2B1C2gNA==",
      "requires": {
        "loose-envify": "1.4.0"
      }
    },
    "is-buffer": {
      "version": "1.1.6",
      "resolved": "https://registry.npmjs.org/is-buffer/-/is-buffer-1.1.6.tgz",
      "integrity": "sha512-NcdALwpXkTm5Zvvbk7owOUSvVvBKDgKP5/ewfXEznmQFfs4ZRmanOeKBTjRVjka3QFoN6XJ+9F3USqfHqTaU5w=="
    },
    "is-callable": {
      "version": "1.1.4",
      "resolved": "https://registry.npmjs.org/is-callable/-/is-callable-1.1.4.tgz",
      "integrity": "sha512-r5p9sxJjYnArLjObpjA4xu5EKI3CuKHkJXMhT7kwbpUyIFD1n5PMAsoPvWnvtZiNz7LjkYDRZhd7FlI0eMijEA=="
    },
    "is-date-object": {
      "version": "1.0.1",
      "resolved": "https://registry.npmjs.org/is-date-object/-/is-date-object-1.0.1.tgz",
      "integrity": "sha1-mqIOtq7rv/d/vTPnTKAbM1gdOhY="
    },
    "is-regex": {
      "version": "1.0.4",
      "resolved": "https://registry.npmjs.org/is-regex/-/is-regex-1.0.4.tgz",
      "integrity": "sha1-VRdIm1RwkbCTDglWVM7SXul+lJE=",
      "requires": {
        "has": "1.0.3"
      }
    },
    "is-symbol": {
      "version": "1.0.2",
      "resolved": "https://registry.npmjs.org/is-symbol/-/is-symbol-1.0.2.tgz",
      "integrity": "sha512-HS8bZ9ox60yCJLH9snBpIwv9pYUAkcuLhSA1oero1UB5y9aiQpRA8y2ex945AOtCZL1lJDeIk3G5LthswI46Lw==",
      "requires": {
        "has-symbols": "1.0.0"
      }
    },
    "iterall": {
      "version": "1.2.2",
      "resolved": "https://registry.npmjs.org/iterall/-/iterall-1.2.2.tgz",
      "integrity": "sha512-yynBb1g+RFUPY64fTrFv7nsjRrENBQJaX2UL+2Szc9REFrSNm1rpSXHGzhmAy7a9uv3vlvgBlXnf9RqmPH1/DA=="
    },
    "js-tokens": {
      "version": "4.0.0",
      "resolved": "https://registry.npmjs.org/js-tokens/-/js-tokens-4.0.0.tgz",
      "integrity": "sha512-RdJUflcE3cUzKiMqQgsCu06FPu9UdIJO0beYbPhHN4k6apgJtifcoCtT9bcxOpYBtpD2kCM6Sbzg4CausW/PKQ=="
    },
    "jwt-decode": {
      "version": "2.2.0",
      "resolved": "https://registry.npmjs.org/jwt-decode/-/jwt-decode-2.2.0.tgz",
      "integrity": "sha1-fYa9VmefWM5qhHBKZX3TkruoGnk="
    },
    "lodash": {
      "version": "4.17.11",
      "resolved": "https://registry.npmjs.org/lodash/-/lodash-4.17.11.tgz",
      "integrity": "sha512-cQKh8igo5QUhZ7lg38DYWAxMvjSAKG0A8wGSVimP07SIUEK2UO+arSRKbRZWtelMtN5V0Hkwh5ryOto/SshYIg=="
    },
    "lodash-es": {
      "version": "4.17.11",
      "resolved": "https://registry.npmjs.org/lodash-es/-/lodash-es-4.17.11.tgz",
      "integrity": "sha512-DHb1ub+rMjjrxqlB3H56/6MXtm1lSksDp2rA2cNWjG8mlDUYFhUj3Di2Zn5IwSU87xLv8tNIQ7sSwE/YOX/D/Q=="
    },
    "lodash.isempty": {
      "version": "4.4.0",
      "resolved": "http://registry.npmjs.org/lodash.isempty/-/lodash.isempty-4.4.0.tgz",
      "integrity": "sha1-b4bL7di+TsmHvpqvM8loTbGzHn4="
    },
    "lodash.pick": {
      "version": "4.4.0",
      "resolved": "https://registry.npmjs.org/lodash.pick/-/lodash.pick-4.4.0.tgz",
      "integrity": "sha1-UvBWEP/53tQiYRRB7R/BI6AwAbM="
    },
    "loose-envify": {
      "version": "1.4.0",
      "resolved": "https://registry.npmjs.org/loose-envify/-/loose-envify-1.4.0.tgz",
      "integrity": "sha512-lyuxPGr/Wfhrlem2CL/UcnUc1zcqKAImBDzukY7Y5F/yQiNdko6+fRLevlw1HgMySw7f611UIY408EtxRSoK3Q==",
      "requires": {
        "js-tokens": "4.0.0"
      }
    },
    "ms": {
      "version": "2.0.0",
      "resolved": "https://registry.npmjs.org/ms/-/ms-2.0.0.tgz",
      "integrity": "sha1-VgiurfwAvmwpAd9fmGF4jeDVl8g="
    },
    "object-assign": {
      "version": "4.1.1",
      "resolved": "https://registry.npmjs.org/object-assign/-/object-assign-4.1.1.tgz",
      "integrity": "sha1-IQmtx5ZYh8/AXLvUQsrIv7s2CGM="
    },
    "object-keys": {
      "version": "1.0.12",
      "resolved": "https://registry.npmjs.org/object-keys/-/object-keys-1.0.12.tgz",
      "integrity": "sha512-FTMyFUm2wBcGHnH2eXmz7tC6IwlqQZ6mVZ+6dm6vZ4IQIHjs6FdNsQBuKGPuUUUY6NfJw2PshC08Tn6LzLDOag=="
    },
    "object.assign": {
      "version": "4.1.0",
      "resolved": "https://registry.npmjs.org/object.assign/-/object.assign-4.1.0.tgz",
      "integrity": "sha512-exHJeq6kBKj58mqGyTQ9DFvrZC/eR6OwxzoM9YRoGBqrXYonaFyGiFMuc9VZrXf7DarreEwMpurG3dd+CNyW5w==",
      "requires": {
        "define-properties": "1.1.3",
        "function-bind": "1.1.1",
        "has-symbols": "1.0.0",
        "object-keys": "1.0.12"
      }
    },
    "object.values": {
      "version": "1.0.4",
      "resolved": "https://registry.npmjs.org/object.values/-/object.values-1.0.4.tgz",
      "integrity": "sha1-5STaCbT2b/Bd9FdUbscqyZ8TBpo=",
      "requires": {
        "define-properties": "1.1.3",
        "es-abstract": "1.12.0",
        "function-bind": "1.1.1",
        "has": "1.0.3"
      }
    },
    "optimism": {
      "version": "0.6.8",
      "resolved": "https://registry.npmjs.org/optimism/-/optimism-0.6.8.tgz",
      "integrity": "sha512-bN5n1KCxSqwBDnmgDnzMtQTHdL+uea2HYFx1smvtE+w2AMl0Uy31g0aXnP/Nt85OINnMJPRpJyfRQLTCqn5Weg==",
      "requires": {
        "immutable-tuple": "0.4.9"
      }
    },
    "prop-types": {
      "version": "15.6.2",
      "resolved": "https://registry.npmjs.org/prop-types/-/prop-types-15.6.2.tgz",
      "integrity": "sha512-3pboPvLiWD7dkI3qf3KbUe6hKFKa52w+AE0VCqECtf+QHAKgOL37tTaNCnuX1nAAQ4ZhyP+kYVKf8rLmJ/feDQ==",
      "requires": {
        "loose-envify": "1.4.0",
        "object-assign": "4.1.1"
      }
    },
    "react-apollo": {
      "version": "1.4.16",
      "resolved": "https://registry.npmjs.org/react-apollo/-/react-apollo-1.4.16.tgz",
      "integrity": "sha512-/Htq9zI/u/PpIdoH/qBU9Zty09U23biH585H52GvEF0m/kK9te9QFCnYfjKpB30DS6YleIk1uKNcqeK3HEfU6w==",
      "requires": {
        "apollo-client": "1.9.3",
        "enzyme-adapter-react-16": "1.7.0",
        "graphql-tag": "2.10.0",
        "hoist-non-react-statics": "2.5.5",
        "invariant": "2.2.4",
        "lodash.pick": "4.4.0",
        "object-assign": "4.1.1",
        "prop-types": "15.6.2"
      },
      "dependencies": {
        "apollo-client": {
          "version": "1.9.3",
          "resolved": "https://registry.npmjs.org/apollo-client/-/apollo-client-1.9.3.tgz",
          "integrity": "sha512-JABKKbqvcw8DJm3YUkEmyx1SK74i+/DesEtAtyocJi10LLmeMQYQFpg8W3BG1tZsYEQ3owEmPbsdNGTly+VOQg==",
          "requires": {
            "@types/graphql": "0.10.2",
            "apollo-link-core": "0.5.4",
            "graphql": "0.10.5",
            "graphql-anywhere": "3.1.0",
            "graphql-tag": "2.10.0",
            "redux": "3.7.2",
            "symbol-observable": "1.2.0",
            "whatwg-fetch": "2.0.4"
          }
        },
        "graphql": {
          "version": "0.10.5",
          "resolved": "https://registry.npmjs.org/graphql/-/graphql-0.10.5.tgz",
          "integrity": "sha512-Q7cx22DiLhwHsEfUnUip1Ww/Vfx7FS0w6+iHItNuN61+XpegHSa3k5U0+6M5BcpavQImBwFiy0z3uYwY7cXMLQ==",
          "requires": {
            "iterall": "1.2.2"
          }
        },
        "graphql-anywhere": {
          "version": "3.1.0",
          "resolved": "https://registry.npmjs.org/graphql-anywhere/-/graphql-anywhere-3.1.0.tgz",
          "integrity": "sha1-PqDY6GRrXO5oA1AWqadVfBXCHpY="
        },
        "redux": {
          "version": "3.7.2",
          "resolved": "https://registry.npmjs.org/redux/-/redux-3.7.2.tgz",
          "integrity": "sha512-pNqnf9q1hI5HHZRBkj3bAngGZW/JMCmexDlOxw4XagXY2o1327nHH54LoTjiPJ0gizoqPDRqWyX/00g0hD6w+A==",
          "requires": {
            "lodash": "4.17.11",
            "lodash-es": "4.17.11",
            "loose-envify": "1.4.0",
            "symbol-observable": "1.2.0"
          }
        }
      }
    },
    "react-is": {
      "version": "16.6.3",
      "resolved": "https://registry.npmjs.org/react-is/-/react-is-16.6.3.tgz",
      "integrity": "sha512-u7FDWtthB4rWibG/+mFbVd5FvdI20yde86qKGx4lVUTWmPlSWQ4QxbBIrrs+HnXGbxOUlUzTAP/VDmvCwaP2yA=="
    },
    "react-test-renderer": {
      "version": "16.6.3",
      "resolved": "https://registry.npmjs.org/react-test-renderer/-/react-test-renderer-16.6.3.tgz",
      "integrity": "sha512-B5bCer+qymrQz/wN03lT0LppbZUDRq6AMfzMKrovzkGzfO81a9T+PWQW6MzkWknbwODQH/qpJno/yFQLX5IWrQ==",
      "requires": {
        "object-assign": "4.1.1",
        "prop-types": "15.6.2",
        "react-is": "16.6.3",
        "scheduler": "0.11.3"
      }
    },
    "resolve-pathname": {
      "version": "2.2.0",
      "resolved": "https://registry.npmjs.org/resolve-pathname/-/resolve-pathname-2.2.0.tgz",
      "integrity": "sha512-bAFz9ld18RzJfddgrO2e/0S2O81710++chRMUxHjXOYKF6jTAMrUNZrEZ1PvV0zlhfjidm08iRPdTLPno1FuRg=="
    },
    "scheduler": {
      "version": "0.11.3",
      "resolved": "https://registry.npmjs.org/scheduler/-/scheduler-0.11.3.tgz",
      "integrity": "sha512-i9X9VRRVZDd3xZw10NY5Z2cVMbdYg6gqFecfj79USv1CFN+YrJ3gIPRKf1qlY+Sxly4djoKdfx1T+m9dnRB8kQ==",
      "requires": {
        "loose-envify": "1.4.0",
        "object-assign": "4.1.1"
      }
    },
    "semver": {
      "version": "5.6.0",
      "resolved": "https://registry.npmjs.org/semver/-/semver-5.6.0.tgz",
      "integrity": "sha512-RS9R6R35NYgQn++fkDWaOmqGoj4Ek9gGs+DPxNUZKuwE183xjJroKvyo1IzVFeXvUrvmALy6FWD5xrdJT25gMg=="
    },
    "symbol-observable": {
      "version": "1.2.0",
      "resolved": "https://registry.npmjs.org/symbol-observable/-/symbol-observable-1.2.0.tgz",
      "integrity": "sha512-e900nM8RRtGhlV36KGEU9k65K3mPb1WV70OdjfxlG2EAuM1noi/E/BaW/uMhL7bPEssK8QV57vN3esixjUvcXQ=="
    },
    "value-equal": {
      "version": "0.4.0",
      "resolved": "https://registry.npmjs.org/value-equal/-/value-equal-0.4.0.tgz",
      "integrity": "sha512-x+cYdNnaA3CxvMaTX0INdTCN8m8aF2uY9BvEqmxuYp8bL09cs/kWVQPVGcA35fMktdOsP69IgU7wFj/61dJHEw=="
    },
    "warning": {
      "version": "3.0.0",
      "resolved": "https://registry.npmjs.org/warning/-/warning-3.0.0.tgz",
      "integrity": "sha1-MuU3fLVy3kqwR1O9+IIcAe1gW3w=",
      "requires": {
        "loose-envify": "1.4.0"
      }
    },
    "whatwg-fetch": {
      "version": "2.0.4",
      "resolved": "http://registry.npmjs.org/whatwg-fetch/-/whatwg-fetch-2.0.4.tgz",
      "integrity": "sha512-dcQ1GWpOD/eEQ97k66aiEVpNnapVj90/+R+SXTPYGHpYBBypfKJEQjLrvMZ7YXbKm21gXd4NcuxUTjiv1YtLng=="
    },
    "zen-observable": {
      "version": "0.8.11",
      "resolved": "https://registry.npmjs.org/zen-observable/-/zen-observable-0.8.11.tgz",
      "integrity": "sha512-N3xXQVr4L61rZvGMpWe8XoCGX8vhU35dPyQ4fm5CY/KDlG0F75un14hjbckPXTDuKUY6V0dqR2giT6xN8Y4GEQ=="
    },
    "zen-observable-ts": {
      "version": "0.8.11",
      "resolved": "https://registry.npmjs.org/zen-observable-ts/-/zen-observable-ts-0.8.11.tgz",
      "integrity": "sha512-8bs7rgGV4kz5iTb9isudkuQjtWwPnQ8lXq6/T76vrepYZVMsDEv6BXaEA+DHdJSK3KVLduagi9jSpSAJ5NgKHw==",
      "requires": {
        "zen-observable": "0.8.11"
      }
    }
  }
}
